<Solution>
  <Folder Name="/src/">
    <Project Path="src/Novolis.Markup.Markdown/Novolis.Markup.Markdown.csproj" />
    <Project Path="src/Novolis.Markup.Mermaid/Novolis.Markup.Mermaid.csproj" />
  </Folder>
  <Folder Name="/tests/">
    <Project Path="tests/Novolis.Markup.Unit/Novolis.Markup.Unit.csproj" />
    </Folder>
</Solution>
